// !$*UTF8*$!
{
	archiveVersion = 1;
	classes = {
	};
	objectVersion = 77;
	objects = {

/* Begin PBXBuildFile section */
		0435A632E9FE64156845ED61 /* CoreBridge.swift in Sources */ = {isa = PBXBuildFile; fileRef = E4863B369E21475C95CA1819 /* CoreBridge.swift */; };
		138ED882300DF2474744C5CE /* RawBrokerService.swift in Sources */ = {isa = PBXBuildFile; fileRef = 3DB7B66053DFEC5A1C6C2F70 /* RawBrokerService.swift */; };
		20D68F41779F743405482462 /* RawBrokerProtocol.swift in Sources */ = {isa = PBXBuildFile; fileRef = F22CC6B92E78DA376BDC4005 /* RawBrokerProtocol.swift */; };
		28769F34CB41124E49898D60 /* RawDiskValidator.swift in Sources */ = {isa = PBXBuildFile; fileRef = 478DF0BE4A123B50A75D3D84 /* RawDiskValidator.swift */; };
		33CFE2A4037B0C9966E35D37 /* RawBrokerProtocol.swift in Sources */ = {isa = PBXBuildFile; fileRef = F22CC6B92E78DA376BDC4005 /* RawBrokerProtocol.swift */; };
		3AE85E88260D3F1CBCA42CB2 /* main.swift in Sources */ = {isa = PBXBuildFile; fileRef = 092170A5E1FB266B24CD9BD4 /* main.swift */; };
		3E6E4A86FF58DE4D3C94BED5 /* SectorView.swift in Sources */ = {isa = PBXBuildFile; fileRef = 9B134F43A8B5297466C25E9D /* SectorView.swift */; };
		60DC5AAC041CB80AF4B76084 /* Models.swift in Sources */ = {isa = PBXBuildFile; fileRef = 8EE40B8C865559E782451FB6 /* Models.swift */; };
		711D11D7F1E07E249A2236D4 /* EDPStudioApp.swift in Sources */ = {isa = PBXBuildFile; fileRef = 64F78F542AC89B1C68ABFBF1 /* EDPStudioApp.swift */; };
		99DB2BB846EDD4A7CC1BA887 /* DiskMapView.swift in Sources */ = {isa = PBXBuildFile; fileRef = B88837B8524077D52B921B77 /* DiskMapView.swift */; };
		AD01814E349D454A074E2D88 /* Assets.xcassets in Resources */ = {isa = PBXBuildFile; fileRef = B2230414648B6B06195CD9D4 /* Assets.xcassets */; };
		B28618C144FF82DCBBE4D96A /* RawBrokerClient.swift in Sources */ = {isa = PBXBuildFile; fileRef = 82FF79FAB2A8539ED9ED6936 /* RawBrokerClient.swift */; };
		BCAA8FD06ECFE13219263056 /* EDPStudioRawBroker in Resources */ = {isa = PBXBuildFile; fileRef = 1C0EF97B634960D4A58FA165 /* EDPStudioRawBroker */; settings = {ATTRIBUTES = (RemoveHeadersOnCopy, ); }; };
		D0B20352F557AB63631D303B /* RootView.swift in Sources */ = {isa = PBXBuildFile; fileRef = AAB7660D1253A5D51F7426C7 /* RootView.swift */; };
		F44799DFEE760EA4575C929A /* OverviewView.swift in Sources */ = {isa = PBXBuildFile; fileRef = 49EE0A0D06B1B2E6ACBC8244 /* OverviewView.swift */; };
		FC4D4FDAB4D6778A68F986F4 /* EDPDesignSystem.swift in Sources */ = {isa = PBXBuildFile; fileRef = 32AADCE6843F512E47849FE9 /* EDPDesignSystem.swift */; };
/* End PBXBuildFile section */

/* Begin PBXContainerItemProxy section */
		FE3BA2000C1FB28BDC762F2D /* PBXContainerItemProxy */ = {
			isa = PBXContainerItemProxy;
			containerPortal = EAC63E9EFD95B022DB7888D1 /* Project object */;
			proxyType = 1;
			remoteGlobalIDString = BF54E8B2B34C2ADF90BBA9EA;
			remoteInfo = EDPStudioRawBroker;
		};
/* End PBXContainerItemProxy section */

/* Begin PBXFileReference section */
		092170A5E1FB266B24CD9BD4 /* main.swift */ = {isa = PBXFileReference; lastKnownFileType = sourcecode.swift; path = main.swift; sourceTree = "<group>"; };
		1C0EF97B634960D4A58FA165 /* EDPStudioRawBroker */ = {isa = PBXFileReference; includeInIndex = 0; path = EDPStudioRawBroker; sourceTree = BUILT_PRODUCTS_DIR; };
		32AADCE6843F512E47849FE9 /* EDPDesignSystem.swift */ = {isa = PBXFileReference; lastKnownFileType = sourcecode.swift; path = EDPDesignSystem.swift; sourceTree = "<group>"; };
		3DB7B66053DFEC5A1C6C2F70 /* RawBrokerService.swift */ = {isa = PBXFileReference; lastKnownFileType = sourcecode.swift; path = RawBrokerService.swift; sourceTree = "<group>"; };
		478DF0BE4A123B50A75D3D84 /* RawDiskValidator.swift */ = {isa = PBXFileReference; lastKnownFileType = sourcecode.swift; path = RawDiskValidator.swift; sourceTree = "<group>"; };
		49EE0A0D06B1B2E6ACBC8244 /* OverviewView.swift */ = {isa = PBXFileReference; lastKnownFileType = sourcecode.swift; path = OverviewView.swift; sourceTree = "<group>"; };
		64F78F542AC89B1C68ABFBF1 /* EDPStudioApp.swift */ = {isa = PBXFileReference; lastKnownFileType = sourcecode.swift; path = EDPStudioApp.swift; sourceTree = "<group>"; };
		82FF79FAB2A8539ED9ED6936 /* RawBrokerClient.swift */ = {isa = PBXFileReference; lastKnownFileType = sourcecode.swift; path = RawBrokerClient.swift; sourceTree = "<group>"; };
		8EE40B8C865559E782451FB6 /* Models.swift */ = {isa = PBXFileReference; lastKnownFileType = sourcecode.swift; path = Models.swift; sourceTree = "<group>"; };
		9B134F43A8B5297466C25E9D /* SectorView.swift */ = {isa = PBXFileReference; lastKnownFileType = sourcecode.swift; path = SectorView.swift; sourceTree = "<group>"; };
		AAB7660D1253A5D51F7426C7 /* RootView.swift */ = {isa = PBXFileReference; lastKnownFileType = sourcecode.swift; path = RootView.swift; sourceTree = "<group>"; };
		B2230414648B6B06195CD9D4 /* Assets.xcassets */ = {isa = PBXFileReference; lastKnownFileType = folder.assetcatalog; path = Assets.xcassets; sourceTree = "<group>"; };
		B88837B8524077D52B921B77 /* DiskMapView.swift */ = {isa = PBXFileReference; lastKnownFileType = sourcecode.swift; path = DiskMapView.swift; sourceTree = "<group>"; };
		D9A41F34090FE0B720BC755E /* EDP Studio.app */ = {isa = PBXFileReference; explicitFileType = wrapper.application; includeInIndex = 0; path = "EDP Studio.app"; sourceTree = BUILT_PRODUCTS_DIR; };
		E4863B369E21475C95CA1819 /* CoreBridge.swift */ = {isa = PBXFileReference; lastKnownFileType = sourcecode.swift; path = CoreBridge.swift; sourceTree = "<group>"; };
		F22CC6B92E78DA376BDC4005 /* RawBrokerProtocol.swift */ = {isa = PBXFileReference; lastKnownFileType = sourcecode.swift; path = RawBrokerProtocol.swift; sourceTree = "<group>"; };
/* End PBXFileReference section */

/* Begin PBXGroup section */
		28965BAD3CEE0D0C5DD0A99C /* Products */ = {
			isa = PBXGroup;
			children = (
				D9A41F34090FE0B720BC755E /* EDP Studio.app */,
				1C0EF97B634960D4A58FA165 /* EDPStudioRawBroker */,
			);
			name = Products;
			sourceTree = "<group>";
		};
		6634052ED77D0082D7CBAC56 /* edp */ = {
			isa = PBXGroup;
			children = (
				D1366B9AA9554B6BE09C6BC6 /* Shared */,
			);
			name = edp;
			path = ../../../..;
			sourceTree = "<group>";
		};
		921B18D95865E9BEC65617C9 /* Resources */ = {
			isa = PBXGroup;
			children = (
				B2230414648B6B06195CD9D4 /* Assets.xcassets */,
			);
			path = Resources;
			sourceTree = "<group>";
		};
		92F5D33E0816841348124B74 /* Sources */ = {
			isa = PBXGroup;
			children = (
				E4863B369E21475C95CA1819 /* CoreBridge.swift */,
				B88837B8524077D52B921B77 /* DiskMapView.swift */,
				64F78F542AC89B1C68ABFBF1 /* EDPStudioApp.swift */,
				8EE40B8C865559E782451FB6 /* Models.swift */,
				49EE0A0D06B1B2E6ACBC8244 /* OverviewView.swift */,
				82FF79FAB2A8539ED9ED6936 /* RawBrokerClient.swift */,
				AAB7660D1253A5D51F7426C7 /* RootView.swift */,
				9B134F43A8B5297466C25E9D /* SectorView.swift */,
			);
			path = Sources;
			sourceTree = "<group>";
		};
		9FFF537D0C169C7EC225257C /* UI */ = {
			isa = PBXGroup;
			children = (
				32AADCE6843F512E47849FE9 /* EDPDesignSystem.swift */,
			);
			path = UI;
			sourceTree = "<group>";
		};
		BAD12C0D5BBF08F5AC7995CD /* Shared */ = {
			isa = PBXGroup;
			children = (
				F22CC6B92E78DA376BDC4005 /* RawBrokerProtocol.swift */,
			);
			path = Shared;
			sourceTree = "<group>";
		};
		CA6C25AF80625F4986469407 = {
			isa = PBXGroup;
			children = (
				DF43515AF961CC88F7565146 /* BrokerSources */,
				6634052ED77D0082D7CBAC56 /* edp */,
				921B18D95865E9BEC65617C9 /* Resources */,
				BAD12C0D5BBF08F5AC7995CD /* Shared */,
				92F5D33E0816841348124B74 /* Sources */,
				28965BAD3CEE0D0C5DD0A99C /* Products */,
			);
			sourceTree = "<group>";
		};
		D1366B9AA9554B6BE09C6BC6 /* Shared */ = {
			isa = PBXGroup;
			children = (
				9FFF537D0C169C7EC225257C /* UI */,
			);
			path = Shared;
			sourceTree = "<group>";
		};
		DF43515AF961CC88F7565146 /* BrokerSources */ = {
			isa = PBXGroup;
			children = (
				092170A5E1FB266B24CD9BD4 /* main.swift */,
				3DB7B66053DFEC5A1C6C2F70 /* RawBrokerService.swift */,
				478DF0BE4A123B50A75D3D84 /* RawDiskValidator.swift */,
			);
			path = BrokerSources;
			sourceTree = "<group>";
		};
/* End PBXGroup section */

/* Begin PBXNativeTarget section */
		22F11DADCCA783DEF4CE89F5 /* EDPStudio */ = {
			isa = PBXNativeTarget;
			buildConfigurationList = 60996C3CDF0087D41F029664 /* Build configuration list for PBXNativeTarget "EDPStudio" */;
			buildPhases = (
				73EEB679FD5A4CE905F04AD9 /* Build Shared Swift EDP Core */,
				45BE437A2D8B33A1DEF37667 /* Build EDP Studio App Icon */,
				49AF3288EA17925D9CE2C24F /* Sources */,
				D409081BA3064A8B91D3D1F7 /* Resources */,
			);
			buildRules = (
			);
			dependencies = (
				21144760486598C3631109B2 /* PBXTargetDependency */,
			);
			name = EDPStudio;
			packageProductDependencies = (
			);
			productName = EDPStudio;
			productReference = D9A41F34090FE0B720BC755E /* EDP Studio.app */;
			productType = "com.apple.product-type.application";
		};
		BF54E8B2B34C2ADF90BBA9EA /* EDPStudioRawBroker */ = {
			isa = PBXNativeTarget;
			buildConfigurationList = A2FE8CEC83CBA80C17DCD9D0 /* Build configuration list for PBXNativeTarget "EDPStudioRawBroker" */;
			buildPhases = (
				802930FC8DB1565A4749F81A /* Sources */,
			);
			buildRules = (
			);
			dependencies = (
			);
			name = EDPStudioRawBroker;
			packageProductDependencies = (
			);
			productName = EDPStudioRawBroker;
			productReference = 1C0EF97B634960D4A58FA165 /* EDPStudioRawBroker */;
			productType = "com.apple.product-type.tool";
		};
/* End PBXNativeTarget section */

/* Begin PBXProject section */
		EAC63E9EFD95B022DB7888D1 /* Project object */ = {
			isa = PBXProject;
			attributes = {
				BuildIndependentTargetsInParallel = YES;
				LastUpgradeCheck = 1430;
				TargetAttributes = {
					22F11DADCCA783DEF4CE89F5 = {
						DevelopmentTeam = "";
						ProvisioningStyle = Manual;
					};
					BF54E8B2B34C2ADF90BBA9EA = {
						DevelopmentTeam = "";
						ProvisioningStyle = Manual;
					};
				};
			};
			buildConfigurationList = 01F7A9DF7CA9DEAAD0FEED52 /* Build configuration list for PBXProject "EDPStudioNative" */;
			developmentRegion = en;
			hasScannedForEncodings = 0;
			knownRegions = (
				Base,
				en,
			);
			mainGroup = CA6C25AF80625F4986469407;
			minimizedProjectReferenceProxies = 1;
			preferredProjectObjectVersion = 77;
			productRefGroup = 28965BAD3CEE0D0C5DD0A99C /* Products */;
			projectDirPath = "";
			projectRoot = "";
			targets = (
				22F11DADCCA783DEF4CE89F5 /* EDPStudio */,
				BF54E8B2B34C2ADF90BBA9EA /* EDPStudioRawBroker */,
			);
		};
/* End PBXProject section */

/* Begin PBXResourcesBuildPhase section */
		D409081BA3064A8B91D3D1F7 /* Resources */ = {
			isa = PBXResourcesBuildPhase;
			buildActionMask = 2147483647;
			files = (
				AD01814E349D454A074E2D88 /* Assets.xcassets in Resources */,
				BCAA8FD06ECFE13219263056 /* EDPStudioRawBroker in Resources */,
			);
			runOnlyForDeploymentPostprocessing = 0;
		};
/* End PBXResourcesBuildPhase section */

/* Begin PBXShellScriptBuildPhase section */
		45BE437A2D8B33A1DEF37667 /* Build EDP Studio App Icon */ = {
			isa = PBXShellScriptBuildPhase;
			buildActionMask = 2147483647;
			files = (
			);
			inputFileListPaths = (
			);
			inputPaths = (
			);
			name = "Build EDP Studio App Icon";
			outputFileListPaths = (
			);
			outputPaths = (
			);
			runOnlyForDeploymentPostprocessing = 0;
			shellPath = /bin/sh;
			shellScript = "\"$SRCROOT/../../../../Tools/build-macos-icon.sh\" appiconset \\\n  \"$SRCROOT/Resources/EDPStudioIcon.svg\" \\\n  \"$SRCROOT/Resources/Assets.xcassets/AppIcon.appiconset\"\n";
		};
		73EEB679FD5A4CE905F04AD9 /* Build Shared Swift EDP Core */ = {
			isa = PBXShellScriptBuildPhase;
			buildActionMask = 2147483647;
			files = (
			);
			inputFileListPaths = (
			);
			inputPaths = (
			);
			name = "Build Shared Swift EDP Core";
			outputFileListPaths = (
			);
			outputPaths = (
			);
			runOnlyForDeploymentPostprocessing = 0;
			shellPath = /bin/sh;
			shellScript = "\"$SRCROOT/Scripts/build-shared-core.sh\"\n";
		};
/* End PBXShellScriptBuildPhase section */

/* Begin PBXSourcesBuildPhase section */
		49AF3288EA17925D9CE2C24F /* Sources */ = {
			isa = PBXSourcesBuildPhase;
			buildActionMask = 2147483647;
			files = (
				0435A632E9FE64156845ED61 /* CoreBridge.swift in Sources */,
				99DB2BB846EDD4A7CC1BA887 /* DiskMapView.swift in Sources */,
				FC4D4FDAB4D6778A68F986F4 /* EDPDesignSystem.swift in Sources */,
				711D11D7F1E07E249A2236D4 /* EDPStudioApp.swift in Sources */,
				60DC5AAC041CB80AF4B76084 /* Models.swift in Sources */,
				F44799DFEE760EA4575C929A /* OverviewView.swift in Sources */,
				B28618C144FF82DCBBE4D96A /* RawBrokerClient.swift in Sources */,
				33CFE2A4037B0C9966E35D37 /* RawBrokerProtocol.swift in Sources */,
				D0B20352F557AB63631D303B /* RootView.swift in Sources */,
				3E6E4A86FF58DE4D3C94BED5 /* SectorView.swift in Sources */,
			);
			runOnlyForDeploymentPostprocessing = 0;
		};
		802930FC8DB1565A4749F81A /* Sources */ = {
			isa = PBXSourcesBuildPhase;
			buildActionMask = 2147483647;
			files = (
				20D68F41779F743405482462 /* RawBrokerProtocol.swift in Sources */,
				138ED882300DF2474744C5CE /* RawBrokerService.swift in Sources */,
				28769F34CB41124E49898D60 /* RawDiskValidator.swift in Sources */,
				3AE85E88260D3F1CBCA42CB2 /* main.swift in Sources */,
			);
			runOnlyForDeploymentPostprocessing = 0;
		};
/* End PBXSourcesBuildPhase section */

/* Begin PBXTargetDependency section */
		21144760486598C3631109B2 /* PBXTargetDependency */ = {
			isa = PBXTargetDependency;
			target = BF54E8B2B34C2ADF90BBA9EA /* EDPStudioRawBroker */;
			targetProxy = FE3BA2000C1FB28BDC762F2D /* PBXContainerItemProxy */;
		};
/* End PBXTargetDependency section */

/* Begin XCBuildConfiguration section */
		3282E4360420CB6D1105EABB /* Debug */ = {
			isa = XCBuildConfiguration;
			buildSettings = {
				COMBINE_HIDPI_IMAGES = YES;
				CREATE_INFOPLIST_SECTION_IN_BINARY = YES;
				ENABLE_HARDENED_RUNTIME = YES;
				GENERATE_INFOPLIST_FILE = YES;
				LD_RUNPATH_SEARCH_PATHS = (
					"$(inherited)",
					"@executable_path/../Frameworks",
				);
				MACOSX_DEPLOYMENT_TARGET = 26.0;
				PRODUCT_BUNDLE_IDENTIFIER = com.edp.studio.rawbroker;
				PRODUCT_NAME = EDPStudioRawBroker;
				SDKROOT = macosx;
				SKIP_INSTALL = YES;
				SWIFT_VERSION = 6.0;
			};
			name = Debug;
		};
		422385CFC37954E8EDC38EE2 /* Debug */ = {
			isa = XCBuildConfiguration;
			buildSettings = {
				ASSETCATALOG_COMPILER_APPICON_NAME = AppIcon;
				ASSETCATALOG_COMPILER_GENERATE_SWIFT_ASSET_SYMBOL_EXTENSIONS = YES;
				COMBINE_HIDPI_IMAGES = YES;
				CURRENT_PROJECT_VERSION = 1;
				ENABLE_HARDENED_RUNTIME = YES;
				HEADER_SEARCH_PATHS = "$(SRCROOT)/../../../../Packages/EDPCore/Sources/CEDPCore/include";
				LD_RUNPATH_SEARCH_PATHS = (
					"$(inherited)",
					"@executable_path/../Frameworks",
				);
				LIBRARY_SEARCH_PATHS = "$(SRCROOT)/../../../../Packages/EDPCore/.build/arm64-apple-macosx/release";
				MARKETING_VERSION = 0.2.0;
				OTHER_LDFLAGS = "$(inherited) -lEDPCore";
				PRODUCT_BUNDLE_IDENTIFIER = com.edp.studio;
				SDKROOT = macosx;
				SWIFT_INCLUDE_PATHS = "$(SRCROOT)/../../../../Packages/EDPCore/.build/arm64-apple-macosx/release/Modules";
			};
			name = Debug;
		};
		615CD81A6C8BC211C1267A34 /* Debug */ = {
			isa = XCBuildConfiguration;
			buildSettings = {
				ALWAYS_SEARCH_USER_PATHS = NO;
				ARCHS = arm64;
				CLANG_ANALYZER_NONNULL = YES;
				CLANG_ANALYZER_NUMBER_OBJECT_CONVERSION = YES_AGGRESSIVE;
				CLANG_CXX_LANGUAGE_STANDARD = "gnu++14";
				CLANG_CXX_LIBRARY = "libc++";
				CLANG_ENABLE_MODULES = YES;
				CLANG_ENABLE_OBJC_ARC = YES;
				CLANG_ENABLE_OBJC_WEAK = YES;
				CLANG_WARN_BLOCK_CAPTURE_AUTORELEASING = YES;
				CLANG_WARN_BOOL_CONVERSION = YES;
				CLANG_WARN_COMMA = YES;
				CLANG_WARN_CONSTANT_CONVERSION = YES;
				CLANG_WARN_DEPRECATED_OBJC_IMPLEMENTATIONS = YES;
				CLANG_WARN_DIRECT_OBJC_ISA_USAGE = YES_ERROR;
				CLANG_WARN_DOCUMENTATION_COMMENTS = YES;
				CLANG_WARN_EMPTY_BODY = YES;
				CLANG_WARN_ENUM_CONVERSION = YES;
				CLANG_WARN_INFINITE_RECURSION = YES;
				CLANG_WARN_INT_CONVERSION = YES;
				CLANG_WARN_NON_LITERAL_NULL_CONVERSION = YES;
				CLANG_WARN_OBJC_IMPLICIT_RETAIN_SELF = YES;
				CLANG_WARN_OBJC_LITERAL_CONVERSION = YES;
				CLANG_WARN_OBJC_ROOT_CLASS = YES_ERROR;
				CLANG_WARN_QUOTED_INCLUDE_IN_FRAMEWORK_HEADER = YES;
				CLANG_WARN_RANGE_LOOP_ANALYSIS = YES;
				CLANG_WARN_STRICT_PROTOTYPES = YES;
				CLANG_WARN_SUSPICIOUS_MOVE = YES;
				CLANG_WARN_UNGUARDED_AVAILABILITY = YES_AGGRESSIVE;
				CLANG_WARN_UNREACHABLE_CODE = YES;
				CLANG_WARN__DUPLICATE_METHOD_MATCH = YES;
				CODE_SIGN_IDENTITY = "EDP Project Code Signing";
				CODE_SIGN_STYLE = Manual;
				COPY_PHASE_STRIP = NO;
				DEBUG_INFORMATION_FORMAT = dwarf;
				DEVELOPMENT_TEAM = "";
				ENABLE_STRICT_OBJC_MSGSEND = YES;
				ENABLE_TESTABILITY = YES;
				GCC_C_LANGUAGE_STANDARD = gnu11;
				GCC_DYNAMIC_NO_PIC = NO;
				GCC_NO_COMMON_BLOCKS = YES;
				GCC_OPTIMIZATION_LEVEL = 0;
				GCC_PREPROCESSOR_DEFINITIONS = (
					"$(inherited)",
					"DEBUG=1",
				);
				GCC_WARN_64_TO_32_BIT_CONVERSION = YES;
				GCC_WARN_ABOUT_RETURN_TYPE = YES_ERROR;
				GCC_WARN_UNDECLARED_SELECTOR = YES;
				GCC_WARN_UNINITIALIZED_AUTOS = YES_AGGRESSIVE;
				GCC_WARN_UNUSED_FUNCTION = YES;
				GCC_WARN_UNUSED_VARIABLE = YES;
				GENERATE_INFOPLIST_FILE = YES;
				INFOPLIST_KEY_CFBundleDisplayName = "EDP Studio";
				INFOPLIST_KEY_LSApplicationCategoryType = "public.app-category.utilities";
				INFOPLIST_KEY_NSHumanReadableCopyright = "Copyright © 2026 EDP";
				MACOSX_DEPLOYMENT_TARGET = 26.0;
				MTL_ENABLE_DEBUG_INFO = INCLUDE_SOURCE;
				MTL_FAST_MATH = YES;
				ONLY_ACTIVE_ARCH = YES;
				PRODUCT_NAME = "EDP Studio";
				SDKROOT = macosx;
				SWIFT_ACTIVE_COMPILATION_CONDITIONS = DEBUG;
				SWIFT_OPTIMIZATION_LEVEL = "-Onone";
				SWIFT_VERSION = 6.0;
			};
			name = Debug;
		};
		CB2BBA0B73DE0C4A194D2DB1 /* Release */ = {
			isa = XCBuildConfiguration;
			buildSettings = {
				ASSETCATALOG_COMPILER_APPICON_NAME = AppIcon;
				ASSETCATALOG_COMPILER_GENERATE_SWIFT_ASSET_SYMBOL_EXTENSIONS = YES;
				COMBINE_HIDPI_IMAGES = YES;
				CURRENT_PROJECT_VERSION = 1;
				ENABLE_HARDENED_RUNTIME = YES;
				HEADER_SEARCH_PATHS = "$(SRCROOT)/../../../../Packages/EDPCore/Sources/CEDPCore/include";
				LD_RUNPATH_SEARCH_PATHS = (
					"$(inherited)",
					"@executable_path/../Frameworks",
				);
				LIBRARY_SEARCH_PATHS = "$(SRCROOT)/../../../../Packages/EDPCore/.build/arm64-apple-macosx/release";
				MARKETING_VERSION = 0.2.0;
				OTHER_LDFLAGS = "$(inherited) -lEDPCore";
				PRODUCT_BUNDLE_IDENTIFIER = com.edp.studio;
				SDKROOT = macosx;
				SWIFT_INCLUDE_PATHS = "$(SRCROOT)/../../../../Packages/EDPCore/.build/arm64-apple-macosx/release/Modules";
			};
			name = Release;
		};
		E019B241CCDD28A2A1DD6DA7 /* Release */ = {
			isa = XCBuildConfiguration;
			buildSettings = {
				ALWAYS_SEARCH_USER_PATHS = NO;
				ARCHS = arm64;
				CLANG_ANALYZER_NONNULL = YES;
				CLANG_ANALYZER_NUMBER_OBJECT_CONVERSION = YES_AGGRESSIVE;
				CLANG_CXX_LANGUAGE_STANDARD = "gnu++14";
				CLANG_CXX_LIBRARY = "libc++";
				CLANG_ENABLE_MODULES = YES;
				CLANG_ENABLE_OBJC_ARC = YES;
				CLANG_ENABLE_OBJC_WEAK = YES;
				CLANG_WARN_BLOCK_CAPTURE_AUTORELEASING = YES;
				CLANG_WARN_BOOL_CONVERSION = YES;
				CLANG_WARN_COMMA = YES;
				CLANG_WARN_CONSTANT_CONVERSION = YES;
				CLANG_WARN_DEPRECATED_OBJC_IMPLEMENTATIONS = YES;
				CLANG_WARN_DIRECT_OBJC_ISA_USAGE = YES_ERROR;
				CLANG_WARN_DOCUMENTATION_COMMENTS = YES;
				CLANG_WARN_EMPTY_BODY = YES;
				CLANG_WARN_ENUM_CONVERSION = YES;
				CLANG_WARN_INFINITE_RECURSION = YES;
				CLANG_WARN_INT_CONVERSION = YES;
				CLANG_WARN_NON_LITERAL_NULL_CONVERSION = YES;
				CLANG_WARN_OBJC_IMPLICIT_RETAIN_SELF = YES;
				CLANG_WARN_OBJC_LITERAL_CONVERSION = YES;
				CLANG_WARN_OBJC_ROOT_CLASS = YES_ERROR;
				CLANG_WARN_QUOTED_INCLUDE_IN_FRAMEWORK_HEADER = YES;
				CLANG_WARN_RANGE_LOOP_ANALYSIS = YES;
				CLANG_WARN_STRICT_PROTOTYPES = YES;
				CLANG_WARN_SUSPICIOUS_MOVE = YES;
				CLANG_WARN_UNGUARDED_AVAILABILITY = YES_AGGRESSIVE;
				CLANG_WARN_UNREACHABLE_CODE = YES;
				CLANG_WARN__DUPLICATE_METHOD_MATCH = YES;
				CODE_SIGN_IDENTITY = "EDP Project Code Signing";
				CODE_SIGN_STYLE = Manual;
				COPY_PHASE_STRIP = NO;
				DEBUG_INFORMATION_FORMAT = "dwarf-with-dsym";
				DEVELOPMENT_TEAM = "";
				ENABLE_NS_ASSERTIONS = NO;
				ENABLE_STRICT_OBJC_MSGSEND = YES;
				GCC_C_LANGUAGE_STANDARD = gnu11;
				GCC_NO_COMMON_BLOCKS = YES;
				GCC_WARN_64_TO_32_BIT_CONVERSION = YES;
				GCC_WARN_ABOUT_RETURN_TYPE = YES_ERROR;
				GCC_WARN_UNDECLARED_SELECTOR = YES;
				GCC_WARN_UNINITIALIZED_AUTOS = YES_AGGRESSIVE;
				GCC_WARN_UNUSED_FUNCTION = YES;
				GCC_WARN_UNUSED_VARIABLE = YES;
				GENERATE_INFOPLIST_FILE = YES;
				INFOPLIST_KEY_CFBundleDisplayName = "EDP Studio";
				INFOPLIST_KEY_LSApplicationCategoryType = "public.app-category.utilities";
				INFOPLIST_KEY_NSHumanReadableCopyright = "Copyright © 2026 EDP";
				MACOSX_DEPLOYMENT_TARGET = 26.0;
				MTL_ENABLE_DEBUG_INFO = NO;
				MTL_FAST_MATH = YES;
				PRODUCT_NAME = "EDP Studio";
				SDKROOT = macosx;
				SWIFT_COMPILATION_MODE = wholemodule;
				SWIFT_OPTIMIZATION_LEVEL = "-O";
				SWIFT_VERSION = 6.0;
			};
			name = Release;
		};
		E88C4E9E9455CC704BAFFD24 /* Release */ = {
			isa = XCBuildConfiguration;
			buildSettings = {
				COMBINE_HIDPI_IMAGES = YES;
				CREATE_INFOPLIST_SECTION_IN_BINARY = YES;
				ENABLE_HARDENED_RUNTIME = YES;
				GENERATE_INFOPLIST_FILE = YES;
				LD_RUNPATH_SEARCH_PATHS = (
					"$(inherited)",
					"@executable_path/../Frameworks",
				);
				MACOSX_DEPLOYMENT_TARGET = 26.0;
				PRODUCT_BUNDLE_IDENTIFIER = com.edp.studio.rawbroker;
				PRODUCT_NAME = EDPStudioRawBroker;
				SDKROOT = macosx;
				SKIP_INSTALL = YES;
				SWIFT_VERSION = 6.0;
			};
			name = Release;
		};
/* End XCBuildConfiguration section */

/* Begin XCConfigurationList section */
		01F7A9DF7CA9DEAAD0FEED52 /* Build configuration list for PBXProject "EDPStudioNative" */ = {
			isa = XCConfigurationList;
			buildConfigurations = (
				615CD81A6C8BC211C1267A34 /* Debug */,
				E019B241CCDD28A2A1DD6DA7 /* Release */,
			);
			defaultConfigurationIsVisible = 0;
			defaultConfigurationName = Debug;
		};
		60996C3CDF0087D41F029664 /* Build configuration list for PBXNativeTarget "EDPStudio" */ = {
			isa = XCConfigurationList;
			buildConfigurations = (
				422385CFC37954E8EDC38EE2 /* Debug */,
				CB2BBA0B73DE0C4A194D2DB1 /* Release */,
			);
			defaultConfigurationIsVisible = 0;
			defaultConfigurationName = Debug;
		};
		A2FE8CEC83CBA80C17DCD9D0 /* Build configuration list for PBXNativeTarget "EDPStudioRawBroker" */ = {
			isa = XCConfigurationList;
			buildConfigurations = (
				3282E4360420CB6D1105EABB /* Debug */,
				E88C4E9E9455CC704BAFFD24 /* Release */,
			);
			defaultConfigurationIsVisible = 0;
			defaultConfigurationName = Debug;
		};
/* End XCConfigurationList section */
	};
	rootObject = EAC63E9EFD95B022DB7888D1 /* Project object */;
}
